
Microsoft Visual Studio Solution File, Format Version 12.00
# Visual Studio Version 16
VisualStudioVersion = 16.0.30128.74
MinimumVisualStudioVersion = 10.0.40219.1
Project("{FAE04EC0-301F-11D3-BF4B-00C04F79EFBC}") = "RedisCacheWebAP", "RedisCacheWebAP\RedisCacheWebAP.csproj", "{901D3323-7222-4587-80E1-76ED8E748834}"
EndProject
Global
	GlobalSection(SolutionConfigurationPlatforms) = preSolution
		Debug|Any CPU = Debug|Any CPU
		Release|Any CPU = Release|Any CPU
	EndGlobalSection
	GlobalSection(ProjectConfigurationPlatforms) = postSolution
		{901D3323-7222-4587-80E1-76ED8E748834}.Debug|Any CPU.ActiveCfg = Debug|Any CPU
		{901D3323-7222-4587-80E1-76ED8E748834}.Debug|Any CPU.Build.0 = Debug|Any CPU
		{901D3323-7222-4587-80E1-76ED8E748834}.Release|Any CPU.ActiveCfg = Release|Any CPU
		{901D3323-7222-4587-80E1-76ED8E748834}.Release|Any CPU.Build.0 = Release|Any CPU
	EndGlobalSection
	GlobalSection(SolutionProperties) = preSolution
		HideSolutionNode = FALSE
	EndGlobalSection
	GlobalSection(ExtensibilityGlobals) = postSolution
		SolutionGuid = {EBA4F223-6FFE-4942-B04B-E696CA9BDD48}
	EndGlobalSection
EndGlobal
